
Microsoft Visual Studio Solution File, Format Version 11.00
# Visual Studio 2010
Project("{FAE04EC0-301F-11D3-BF4B-00C04F79EFBC}") = "Mandelbrot", "Mandelbrot\Mandelbrot.csproj", "{03613B26-7815-4696-B333-DE84EBB35D4F}"
EndProject
Project("{FAE04EC0-301F-11D3-BF4B-00C04F79EFBC}") = "MandelbrotComp", "MandelbrotComp\MandelbrotComp.csproj", "{7B84E1A3-B87E-4366-983A-002AEF223102}"
EndProject
Global
	GlobalSection(SolutionConfigurationPlatforms) = preSolution
		Debug|Any CPU = Debug|Any CPU
		Debug|x86 = Debug|x86
		Release|Any CPU = Release|Any CPU
		Release|x86 = Release|x86
	EndGlobalSection
	GlobalSection(ProjectConfigurationPlatforms) = postSolution
		{03613B26-7815-4696-B333-DE84EBB35D4F}.Debug|Any CPU.ActiveCfg = Debug|Any CPU
		{03613B26-7815-4696-B333-DE84EBB35D4F}.Debug|Any CPU.Build.0 = Debug|Any CPU
		{03613B26-7815-4696-B333-DE84EBB35D4F}.Debug|x86.ActiveCfg = Debug|x86
		{03613B26-7815-4696-B333-DE84EBB35D4F}.Debug|x86.Build.0 = Debug|x86
		{03613B26-7815-4696-B333-DE84EBB35D4F}.Release|Any CPU.ActiveCfg = Release|Any CPU
		{03613B26-7815-4696-B333-DE84EBB35D4F}.Release|Any CPU.Build.0 = Release|Any CPU
		{03613B26-7815-4696-B333-DE84EBB35D4F}.Release|x86.ActiveCfg = Release|x86
		{03613B26-7815-4696-B333-DE84EBB35D4F}.Release|x86.Build.0 = Release|x86
		{7B84E1A3-B87E-4366-983A-002AEF223102}.Debug|Any CPU.ActiveCfg = Debug|Any CPU
		{7B84E1A3-B87E-4366-983A-002AEF223102}.Debug|Any CPU.Build.0 = Debug|Any CPU
		{7B84E1A3-B87E-4366-983A-002AEF223102}.Debug|x86.ActiveCfg = Debug|x86
		{7B84E1A3-B87E-4366-983A-002AEF223102}.Debug|x86.Build.0 = Debug|x86
		{7B84E1A3-B87E-4366-983A-002AEF223102}.Release|Any CPU.ActiveCfg = Release|Any CPU
		{7B84E1A3-B87E-4366-983A-002AEF223102}.Release|Any CPU.Build.0 = Release|Any CPU
		{7B84E1A3-B87E-4366-983A-002AEF223102}.Release|x86.ActiveCfg = Release|x86
		{7B84E1A3-B87E-4366-983A-002AEF223102}.Release|x86.Build.0 = Release|x86
	EndGlobalSection
	GlobalSection(SolutionProperties) = preSolution
		HideSolutionNode = FALSE
	EndGlobalSection
EndGlobal
